
Microsoft Visual Studio Solution File, Format Version 12.00
# Visual Studio Version 16
VisualStudioVersion = 16.0.32228.343
MinimumVisualStudioVersion = 10.0.40219.1
Project("{FAE04EC0-301F-11D3-BF4B-00C04F79EFBC}") = "Reflection,Thread", "Reflection,Thread\Reflection,Thread.csproj", "{F810D12D-B963-4A9D-8A1A-569FDEC7FAE9}"
EndProject
Project("{FAE04EC0-301F-11D3-BF4B-00C04F79EFBC}") = "ClassLibrary", "ClassLibrary\ClassLibrary.csproj", "{AB1AC28F-84AD-4508-9A6D-C569FABCD1EE}"
EndProject
Global
	GlobalSection(SolutionConfigurationPlatforms) = preSolution
		Debug|Any CPU = Debug|Any CPU
		Release|Any CPU = Release|Any CPU
	EndGlobalSection
	GlobalSection(ProjectConfigurationPlatforms) = postSolution
		{F810D12D-B963-4A9D-8A1A-569FDEC7FAE9}.Debug|Any CPU.ActiveCfg = Debug|Any CPU
		{F810D12D-B963-4A9D-8A1A-569FDEC7FAE9}.Debug|Any CPU.Build.0 = Debug|Any CPU
		{F810D12D-B963-4A9D-8A1A-569FDEC7FAE9}.Release|Any CPU.ActiveCfg = Release|Any CPU
		{F810D12D-B963-4A9D-8A1A-569FDEC7FAE9}.Release|Any CPU.Build.0 = Release|Any CPU
		{AB1AC28F-84AD-4508-9A6D-C569FABCD1EE}.Debug|Any CPU.ActiveCfg = Debug|Any CPU
		{AB1AC28F-84AD-4508-9A6D-C569FABCD1EE}.Debug|Any CPU.Build.0 = Debug|Any CPU
		{AB1AC28F-84AD-4508-9A6D-C569FABCD1EE}.Release|Any CPU.ActiveCfg = Release|Any CPU
		{AB1AC28F-84AD-4508-9A6D-C569FABCD1EE}.Release|Any CPU.Build.0 = Release|Any CPU
	EndGlobalSection
	GlobalSection(SolutionProperties) = preSolution
		HideSolutionNode = FALSE
	EndGlobalSection
	GlobalSection(ExtensibilityGlobals) = postSolution
		SolutionGuid = {5A4E338B-0F11-43F5-A360-9F88FC09D7D0}
	EndGlobalSection
EndGlobal
